// !$*UTF8*$!
{
	archiveVersion = 1;
	classes = {
	};
	objectVersion = 51;
	objects = {

/* Begin PBXBuildFile section */
		800368F2A4477CCEEE17E85D /* Pods_iOS_Cart.framework in Frameworks */ = {isa = PBXBuildFile; fileRef = 9D222F27318DD26ECBBA9833 /* Pods_iOS_Cart.framework */; };
		B7248A5D25476FB900805BAA /* AppDelegate.swift in Sources */ = {isa = PBXBuildFile; fileRef = B7248A5C25476FB900805BAA /* AppDelegate.swift */; };
		B7248A5F25476FB900805BAA /* SceneDelegate.swift in Sources */ = {isa = PBXBuildFile; fileRef = B7248A5E25476FB900805BAA /* SceneDelegate.swift */; };
		B7248A6125476FB900805BAA /* ViewController.swift in Sources */ = {isa = PBXBuildFile; fileRef = B7248A6025476FB900805BAA /* ViewController.swift */; };
		B7248A6425476FB900805BAA /* Main.storyboard in Resources */ = {isa = PBXBuildFile; fileRef = B7248A6225476FB900805BAA /* Main.storyboard */; };
		B7248A6625476FBB00805BAA /* Assets.xcassets in Resources */ = {isa = PBXBuildFile; fileRef = B7248A6525476FBB00805BAA /* Assets.xcassets */; };
		B7248A6925476FBB00805BAA /* LaunchScreen.storyboard in Resources */ = {isa = PBXBuildFile; fileRef = B7248A6725476FBB00805BAA /* LaunchScreen.storyboard */; };
		B7D1A88A2548D81000B86AEB /* RequestHandler.swift in Sources */ = {isa = PBXBuildFile; fileRef = B7D1A8892548D81000B86AEB /* RequestHandler.swift */; };
		B7D1A88C2548DB8400B86AEB /* EnvironmentFlow.swift in Sources */ = {isa = PBXBuildFile; fileRef = B7D1A88B2548DB8400B86AEB /* EnvironmentFlow.swift */; };
		B7D1A88E2548DC0400B86AEB /* APINetworkResponse.swift in Sources */ = {isa = PBXBuildFile; fileRef = B7D1A88D2548DC0400B86AEB /* APINetworkResponse.swift */; };
		B7D1A8902548DE3300B86AEB /* Operations.swift in Sources */ = {isa = PBXBuildFile; fileRef = B7D1A88F2548DE3300B86AEB /* Operations.swift */; };
		B7D1A8922548DEB900B86AEB /* APIRequestDispatcher.swift in Sources */ = {isa = PBXBuildFile; fileRef = B7D1A8912548DEB900B86AEB /* APIRequestDispatcher.swift */; };
		B7D1A8942548DF2B00B86AEB /* ProductEndPoints.swift in Sources */ = {isa = PBXBuildFile; fileRef = B7D1A8932548DF2B00B86AEB /* ProductEndPoints.swift */; };
		B7D1A8972548E1BE00B86AEB /* ProductView.swift in Sources */ = {isa = PBXBuildFile; fileRef = B7D1A8962548E1BE00B86AEB /* ProductView.swift */; };
		B7D1A89B2548E41900B86AEB /* Readme.md in Resources */ = {isa = PBXBuildFile; fileRef = B7D1A89A2548E41900B86AEB /* Readme.md */; };
/* End PBXBuildFile section */

/* Begin PBXFileReference section */
		9D222F27318DD26ECBBA9833 /* Pods_iOS_Cart.framework */ = {isa = PBXFileReference; explicitFileType = wrapper.framework; includeInIndex = 0; path = Pods_iOS_Cart.framework; sourceTree = BUILT_PRODUCTS_DIR; };
		A3DE7F5EC7AE3225F5EE4844 /* Pods-iOS-Cart.release.xcconfig */ = {isa = PBXFileReference; includeInIndex = 1; lastKnownFileType = text.xcconfig; name = "Pods-iOS-Cart.release.xcconfig"; path = "Target Support Files/Pods-iOS-Cart/Pods-iOS-Cart.release.xcconfig"; sourceTree = "<group>"; };
		B7248A5925476FB900805BAA /* iOS-Cart.app */ = {isa = PBXFileReference; explicitFileType = wrapper.application; includeInIndex = 0; path = "iOS-Cart.app"; sourceTree = BUILT_PRODUCTS_DIR; };
		B7248A5C25476FB900805BAA /* AppDelegate.swift */ = {isa = PBXFileReference; lastKnownFileType = sourcecode.swift; path = AppDelegate.swift; sourceTree = "<group>"; };
		B7248A5E25476FB900805BAA /* SceneDelegate.swift */ = {isa = PBXFileReference; lastKnownFileType = sourcecode.swift; path = SceneDelegate.swift; sourceTree = "<group>"; };
		B7248A6025476FB900805BAA /* ViewController.swift */ = {isa = PBXFileReference; lastKnownFileType = sourcecode.swift; path = ViewController.swift; sourceTree = "<group>"; };
		B7248A6325476FB900805BAA /* Base */ = {isa = PBXFileReference; lastKnownFileType = file.storyboard; name = Base; path = Base.lproj/Main.storyboard; sourceTree = "<group>"; };
		B7248A6525476FBB00805BAA /* Assets.xcassets */ = {isa = PBXFileReference; lastKnownFileType = folder.assetcatalog; path = Assets.xcassets; sourceTree = "<group>"; };
		B7248A6825476FBB00805BAA /* Base */ = {isa = PBXFileReference; lastKnownFileType = file.storyboard; name = Base; path = Base.lproj/LaunchScreen.storyboard; sourceTree = "<group>"; };
		B7248A6A25476FBB00805BAA /* Info.plist */ = {isa = PBXFileReference; lastKnownFileType = text.plist.xml; path = Info.plist; sourceTree = "<group>"; };
		B7D1A8892548D81000B86AEB /* RequestHandler.swift */ = {isa = PBXFileReference; lastKnownFileType = sourcecode.swift; path = RequestHandler.swift; sourceTree = "<group>"; };
		B7D1A88B2548DB8400B86AEB /* EnvironmentFlow.swift */ = {isa = PBXFileReference; lastKnownFileType = sourcecode.swift; path = EnvironmentFlow.swift; sourceTree = "<group>"; };
		B7D1A88D2548DC0400B86AEB /* APINetworkResponse.swift */ = {isa = PBXFileReference; lastKnownFileType = sourcecode.swift; path = APINetworkResponse.swift; sourceTree = "<group>"; };
		B7D1A88F2548DE3300B86AEB /* Operations.swift */ = {isa = PBXFileReference; lastKnownFileType = sourcecode.swift; path = Operations.swift; sourceTree = "<group>"; };
		B7D1A8912548DEB900B86AEB /* APIRequestDispatcher.swift */ = {isa = PBXFileReference; lastKnownFileType = sourcecode.swift; path = APIRequestDispatcher.swift; sourceTree = "<group>"; };
		B7D1A8932548DF2B00B86AEB /* ProductEndPoints.swift */ = {isa = PBXFileReference; lastKnownFileType = sourcecode.swift; path = ProductEndPoints.swift; sourceTree = "<group>"; };
		B7D1A8962548E1BE00B86AEB /* ProductView.swift */ = {isa = PBXFileReference; lastKnownFileType = sourcecode.swift; path = ProductView.swift; sourceTree = "<group>"; };
		B7D1A89A2548E41900B86AEB /* Readme.md */ = {isa = PBXFileReference; lastKnownFileType = net.daringfireball.markdown; path = Readme.md; sourceTree = "<group>"; };
		CA0B58FF3D34F03A54E27FCB /* Pods-iOS-Cart.debug.xcconfig */ = {isa = PBXFileReference; includeInIndex = 1; lastKnownFileType = text.xcconfig; name = "Pods-iOS-Cart.debug.xcconfig"; path = "Target Support Files/Pods-iOS-Cart/Pods-iOS-Cart.debug.xcconfig"; sourceTree = "<group>"; };
/* End PBXFileReference section */

/* Begin PBXFrameworksBuildPhase section */
		B7248A5625476FB900805BAA /* Frameworks */ = {
			isa = PBXFrameworksBuildPhase;
			buildActionMask = 2147483647;
			files = (
				800368F2A4477CCEEE17E85D /* Pods_iOS_Cart.framework in Frameworks */,
			);
			runOnlyForDeploymentPostprocessing = 0;
		};
/* End PBXFrameworksBuildPhase section */

/* Begin PBXGroup section */
		43CE645C4E757E70ACD3429D /* Frameworks */ = {
			isa = PBXGroup;
			children = (
				9D222F27318DD26ECBBA9833 /* Pods_iOS_Cart.framework */,
			);
			name = Frameworks;
			sourceTree = "<group>";
		};
		B7248A5025476FB900805BAA = {
			isa = PBXGroup;
			children = (
				B7D1A89A2548E41900B86AEB /* Readme.md */,
				B7248A5B25476FB900805BAA /* iOS-Cart */,
				B7248A5A25476FB900805BAA /* Products */,
				C70A34A17705378FCFC509F4 /* Pods */,
				43CE645C4E757E70ACD3429D /* Frameworks */,
			);
			sourceTree = "<group>";
		};
		B7248A5A25476FB900805BAA /* Products */ = {
			isa = PBXGroup;
			children = (
				B7248A5925476FB900805BAA /* iOS-Cart.app */,
			);
			name = Products;
			sourceTree = "<group>";
		};
		B7248A5B25476FB900805BAA /* iOS-Cart */ = {
			isa = PBXGroup;
			children = (
				B7D1A8952548E1A900B86AEB /* Product */,
				B7D1A8882548CE4C00B86AEB /* NetworkHandler */,
				B7248A5C25476FB900805BAA /* AppDelegate.swift */,
				B7248A5E25476FB900805BAA /* SceneDelegate.swift */,
				B7248A6025476FB900805BAA /* ViewController.swift */,
				B7248A6225476FB900805BAA /* Main.storyboard */,
				B7248A6525476FBB00805BAA /* Assets.xcassets */,
				B7248A6725476FBB00805BAA /* LaunchScreen.storyboard */,
				B7248A6A25476FBB00805BAA /* Info.plist */,
				B7D1A8932548DF2B00B86AEB /* ProductEndPoints.swift */,
			);
			path = "iOS-Cart";
			sourceTree = "<group>";
		};
		B7D1A8882548CE4C00B86AEB /* NetworkHandler */ = {
			isa = PBXGroup;
			children = (
				B7D1A8892548D81000B86AEB /* RequestHandler.swift */,
				B7D1A88B2548DB8400B86AEB /* EnvironmentFlow.swift */,
				B7D1A88D2548DC0400B86AEB /* APINetworkResponse.swift */,
				B7D1A88F2548DE3300B86AEB /* Operations.swift */,
				B7D1A8912548DEB900B86AEB /* APIRequestDispatcher.swift */,
			);
			path = NetworkHandler;
			sourceTree = "<group>";
		};
		B7D1A8952548E1A900B86AEB /* Product */ = {
			isa = PBXGroup;
			children = (
				B7D1A8962548E1BE00B86AEB /* ProductView.swift */,
			);
			path = Product;
			sourceTree = "<group>";
		};
		C70A34A17705378FCFC509F4 /* Pods */ = {
			isa = PBXGroup;
			children = (
				CA0B58FF3D34F03A54E27FCB /* Pods-iOS-Cart.debug.xcconfig */,
				A3DE7F5EC7AE3225F5EE4844 /* Pods-iOS-Cart.release.xcconfig */,
			);
			path = Pods;
			sourceTree = "<group>";
		};
/* End PBXGroup section */

/* Begin PBXNativeTarget section */
		B7248A5825476FB900805BAA /* iOS-Cart */ = {
			isa = PBXNativeTarget;
			buildConfigurationList = B7248A6D25476FBB00805BAA /* Build configuration list for PBXNativeTarget "iOS-Cart" */;
			buildPhases = (
				1EAAFD47B43518B9FE8835EB /* [CP] Check Pods Manifest.lock */,
				B7248A5525476FB900805BAA /* Sources */,
				B7248A5625476FB900805BAA /* Frameworks */,
				B7248A5725476FB900805BAA /* Resources */,
				BD8813C009DC0A15F71234BD /* [CP] Embed Pods Frameworks */,
			);
			buildRules = (
			);
			dependencies = (
			);
			name = "iOS-Cart";
			productName = "iOS-Cart";
			productReference = B7248A5925476FB900805BAA /* iOS-Cart.app */;
			productType = "com.apple.product-type.application";
		};
/* End PBXNativeTarget section */

/* Begin PBXProject section */
		B7248A5125476FB900805BAA /* Project object */ = {
			isa = PBXProject;
			attributes = {
				LastSwiftUpdateCheck = 1170;
				LastUpgradeCheck = 1170;
				ORGANIZATIONNAME = Baloombaz;
				TargetAttributes = {
					B7248A5825476FB900805BAA = {
						CreatedOnToolsVersion = 11.7;
					};
				};
			};
			buildConfigurationList = B7248A5425476FB900805BAA /* Build configuration list for PBXProject "iOS-Cart" */;
			compatibilityVersion = "Xcode 9.3";
			developmentRegion = en;
			hasScannedForEncodings = 0;
			knownRegions = (
				en,
				Base,
			);
			mainGroup = B7248A5025476FB900805BAA;
			productRefGroup = B7248A5A25476FB900805BAA /* Products */;
			projectDirPath = "";
			projectRoot = "";
			targets = (
				B7248A5825476FB900805BAA /* iOS-Cart */,
			);
		};
/* End PBXProject section */

/* Begin PBXResourcesBuildPhase section */
		B7248A5725476FB900805BAA /* Resources */ = {
			isa = PBXResourcesBuildPhase;
			buildActionMask = 2147483647;
			files = (
				B7248A6925476FBB00805BAA /* LaunchScreen.storyboard in Resources */,
				B7248A6625476FBB00805BAA /* Assets.xcassets in Resources */,
				B7D1A89B2548E41900B86AEB /* Readme.md in Resources */,
				B7248A6425476FB900805BAA /* Main.storyboard in Resources */,
			);
			runOnlyForDeploymentPostprocessing = 0;
		};
/* End PBXResourcesBuildPhase section */

/* Begin PBXShellScriptBuildPhase section */
		1EAAFD47B43518B9FE8835EB /* [CP] Check Pods Manifest.lock */ = {
			isa = PBXShellScriptBuildPhase;
			buildActionMask = 2147483647;
			files = (
			);
			inputFileListPaths = (
			);
			inputPaths = (
				"${PODS_PODFILE_DIR_PATH}/Podfile.lock",
				"${PODS_ROOT}/Manifest.lock",
			);
			name = "[CP] Check Pods Manifest.lock";
			outputFileListPaths = (
			);
			outputPaths = (
				"$(DERIVED_FILE_DIR)/Pods-iOS-Cart-checkManifestLockResult.txt",
			);
			runOnlyForDeploymentPostprocessing = 0;
			shellPath = /bin/sh;
			shellScript = "diff \"${PODS_PODFILE_DIR_PATH}/Podfile.lock\" \"${PODS_ROOT}/Manifest.lock\" > /dev/null\nif [ $? != 0 ] ; then\n    # print error to STDERR\n    echo \"error: The sandbox is not in sync with the Podfile.lock. Run 'pod install' or update your CocoaPods installation.\" >&2\n    exit 1\nfi\n# This output is used by Xcode 'outputs' to avoid re-running this script phase.\necho \"SUCCESS\" > \"${SCRIPT_OUTPUT_FILE_0}\"\n";
			showEnvVarsInLog = 0;
		};
		BD8813C009DC0A15F71234BD /* [CP] Embed Pods Frameworks */ = {
			isa = PBXShellScriptBuildPhase;
			buildActionMask = 2147483647;
			files = (
			);
			inputFileListPaths = (
				"${PODS_ROOT}/Target Support Files/Pods-iOS-Cart/Pods-iOS-Cart-frameworks-${CONFIGURATION}-input-files.xcfilelist",
			);
			name = "[CP] Embed Pods Frameworks";
			outputFileListPaths = (
				"${PODS_ROOT}/Target Support Files/Pods-iOS-Cart/Pods-iOS-Cart-frameworks-${CONFIGURATION}-output-files.xcfilelist",
			);
			runOnlyForDeploymentPostprocessing = 0;
			shellPath = /bin/sh;
			shellScript = "\"${PODS_ROOT}/Target Support Files/Pods-iOS-Cart/Pods-iOS-Cart-frameworks.sh\"\n";
			showEnvVarsInLog = 0;
		};
/* End PBXShellScriptBuildPhase section */

/* Begin PBXSourcesBuildPhase section */
		B7248A5525476FB900805BAA /* Sources */ = {
			isa = PBXSourcesBuildPhase;
			buildActionMask = 2147483647;
			files = (
				B7D1A8972548E1BE00B86AEB /* ProductView.swift in Sources */,
				B7D1A88E2548DC0400B86AEB /* APINetworkResponse.swift in Sources */,
				B7D1A88A2548D81000B86AEB /* RequestHandler.swift in Sources */,
				B7248A6125476FB900805BAA /* ViewController.swift in Sources */,
				B7D1A8902548DE3300B86AEB /* Operations.swift in Sources */,
				B7248A5D25476FB900805BAA /* AppDelegate.swift in Sources */,
				B7248A5F25476FB900805BAA /* SceneDelegate.swift in Sources */,
				B7D1A88C2548DB8400B86AEB /* EnvironmentFlow.swift in Sources */,
				B7D1A8942548DF2B00B86AEB /* ProductEndPoints.swift in Sources */,
				B7D1A8922548DEB900B86AEB /* APIRequestDispatcher.swift in Sources */,
			);
			runOnlyForDeploymentPostprocessing = 0;
		};
/* End PBXSourcesBuildPhase section */

/* Begin PBXVariantGroup section */
		B7248A6225476FB900805BAA /* Main.storyboard */ = {
			isa = PBXVariantGroup;
			children = (
				B7248A6325476FB900805BAA /* Base */,
			);
			name = Main.storyboard;
			sourceTree = "<group>";
		};
		B7248A6725476FBB00805BAA /* LaunchScreen.storyboard */ = {
			isa = PBXVariantGroup;
			children = (
				B7248A6825476FBB00805BAA /* Base */,
			);
			name = LaunchScreen.storyboard;
			sourceTree = "<group>";
		};
/* End PBXVariantGroup section */

/* Begin XCBuildConfiguration section */
		B7248A6B25476FBB00805BAA /* Debug */ = {
			isa = XCBuildConfiguration;
			buildSettings = {
				ALWAYS_SEARCH_USER_PATHS = NO;
				CLANG_ANALYZER_NONNULL = YES;
				CLANG_ANALYZER_NUMBER_OBJECT_CONVERSION = YES_AGGRESSIVE;
				CLANG_CXX_LANGUAGE_STANDARD = "gnu++14";
				CLANG_CXX_LIBRARY = "libc++";
				CLANG_ENABLE_MODULES = YES;
				CLANG_ENABLE_OBJC_ARC = YES;
				CLANG_ENABLE_OBJC_WEAK = YES;
				CLANG_WARN_BLOCK_CAPTURE_AUTORELEASING = YES;
				CLANG_WARN_BOOL_CONVERSION = YES;
				CLANG_WARN_COMMA = YES;
				CLANG_WARN_CONSTANT_CONVERSION = YES;
				CLANG_WARN_DEPRECATED_OBJC_IMPLEMENTATIONS = YES;
				CLANG_WARN_DIRECT_OBJC_ISA_USAGE = YES_ERROR;
				CLANG_WARN_DOCUMENTATION_COMMENTS = YES;
				CLANG_WARN_EMPTY_BODY = YES;
				CLANG_WARN_ENUM_CONVERSION = YES;
				CLANG_WARN_INFINITE_RECURSION = YES;
				CLANG_WARN_INT_CONVERSION = YES;
				CLANG_WARN_NON_LITERAL_NULL_CONVERSION = YES;
				CLANG_WARN_OBJC_IMPLICIT_RETAIN_SELF = YES;
				CLANG_WARN_OBJC_LITERAL_CONVERSION = YES;
				CLANG_WARN_OBJC_ROOT_CLASS = YES_ERROR;
				CLANG_WARN_RANGE_LOOP_ANALYSIS = YES;
				CLANG_WARN_STRICT_PROTOTYPES = YES;
				CLANG_WARN_SUSPICIOUS_MOVE = YES;
				CLANG_WARN_UNGUARDED_AVAILABILITY = YES_AGGRESSIVE;
				CLANG_WARN_UNREACHABLE_CODE = YES;
				CLANG_WARN__DUPLICATE_METHOD_MATCH = YES;
				COPY_PHASE_STRIP = NO;
				DEBUG_INFORMATION_FORMAT = dwarf;
				ENABLE_STRICT_OBJC_MSGSEND = YES;
				ENABLE_TESTABILITY = YES;
				GCC_C_LANGUAGE_STANDARD = gnu11;
				GCC_DYNAMIC_NO_PIC = NO;
				GCC_NO_COMMON_BLOCKS = YES;
				GCC_OPTIMIZATION_LEVEL = 0;
				GCC_PREPROCESSOR_DEFINITIONS = (
					"DEBUG=1",
					"$(inherited)",
				);
				GCC_WARN_64_TO_32_BIT_CONVERSION = YES;
				GCC_WARN_ABOUT_RETURN_TYPE = YES_ERROR;
				GCC_WARN_UNDECLARED_SELECTOR = YES;
				GCC_WARN_UNINITIALIZED_AUTOS = YES_AGGRESSIVE;
				GCC_WARN_UNUSED_FUNCTION = YES;
				GCC_WARN_UNUSED_VARIABLE = YES;
				IPHONEOS_DEPLOYMENT_TARGET = 13.7;
				MTL_ENABLE_DEBUG_INFO = INCLUDE_SOURCE;
				MTL_FAST_MATH = YES;
				ONLY_ACTIVE_ARCH = YES;
				SDKROOT = iphoneos;
				SWIFT_ACTIVE_COMPILATION_CONDITIONS = DEBUG;
				SWIFT_OPTIMIZATION_LEVEL = "-Onone";
			};
			name = Debug;
		};
		B7248A6C25476FBB00805BAA /* Release */ = {
			isa = XCBuildConfiguration;
			buildSettings = {
				ALWAYS_SEARCH_USER_PATHS = NO;
				CLANG_ANALYZER_NONNULL = YES;
				CLANG_ANALYZER_NUMBER_OBJECT_CONVERSION = YES_AGGRESSIVE;
				CLANG_CXX_LANGUAGE_STANDARD = "gnu++14";
				CLANG_CXX_LIBRARY = "libc++";
				CLANG_ENABLE_MODULES = YES;
				CLANG_ENABLE_OBJC_ARC = YES;
				CLANG_ENABLE_OBJC_WEAK = YES;
				CLANG_WARN_BLOCK_CAPTURE_AUTORELEASING = YES;
				CLANG_WARN_BOOL_CONVERSION = YES;
				CLANG_WARN_COMMA = YES;
				CLANG_WARN_CONSTANT_CONVERSION = YES;
				CLANG_WARN_DEPRECATED_OBJC_IMPLEMENTATIONS = YES;
				CLANG_WARN_DIRECT_OBJC_ISA_USAGE = YES_ERROR;
				CLANG_WARN_DOCUMENTATION_COMMENTS = YES;
				CLANG_WARN_EMPTY_BODY = YES;
				CLANG_WARN_ENUM_CONVERSION = YES;
				CLANG_WARN_INFINITE_RECURSION = YES;
				CLANG_WARN_INT_CONVERSION = YES;
				CLANG_WARN_NON_LITERAL_NULL_CONVERSION = YES;
				CLANG_WARN_OBJC_IMPLICIT_RETAIN_SELF = YES;
				CLANG_WARN_OBJC_LITERAL_CONVERSION = YES;
				CLANG_WARN_OBJC_ROOT_CLASS = YES_ERROR;
				CLANG_WARN_RANGE_LOOP_ANALYSIS = YES;
				CLANG_WARN_STRICT_PROTOTYPES = YES;
				CLANG_WARN_SUSPICIOUS_MOVE = YES;
				CLANG_WARN_UNGUARDED_AVAILABILITY = YES_AGGRESSIVE;
				CLANG_WARN_UNREACHABLE_CODE = YES;
				CLANG_WARN__DUPLICATE_METHOD_MATCH = YES;
				COPY_PHASE_STRIP = NO;
				DEBUG_INFORMATION_FORMAT = "dwarf-with-dsym";
				ENABLE_NS_ASSERTIONS = NO;
				ENABLE_STRICT_OBJC_MSGSEND = YES;
				GCC_C_LANGUAGE_STANDARD = gnu11;
				GCC_NO_COMMON_BLOCKS = YES;
				GCC_WARN_64_TO_32_BIT_CONVERSION = YES;
				GCC_WARN_ABOUT_RETURN_TYPE = YES_ERROR;
				GCC_WARN_UNDECLARED_SELECTOR = YES;
				GCC_WARN_UNINITIALIZED_AUTOS = YES_AGGRESSIVE;
				GCC_WARN_UNUSED_FUNCTION = YES;
				GCC_WARN_UNUSED_VARIABLE = YES;
				IPHONEOS_DEPLOYMENT_TARGET = 13.7;
				MTL_ENABLE_DEBUG_INFO = NO;
				MTL_FAST_MATH = YES;
				SDKROOT = iphoneos;
				SWIFT_COMPILATION_MODE = wholemodule;
				SWIFT_OPTIMIZATION_LEVEL = "-O";
				VALIDATE_PRODUCT = YES;
			};
			name = Release;
		};
		B7248A6E25476FBB00805BAA /* Debug */ = {
			isa = XCBuildConfiguration;
			baseConfigurationReference = CA0B58FF3D34F03A54E27FCB /* Pods-iOS-Cart.debug.xcconfig */;
			buildSettings = {
				ASSETCATALOG_COMPILER_APPICON_NAME = AppIcon;
				CODE_SIGN_STYLE = Automatic;
				DEVELOPMENT_TEAM = J8A3SH72B3;
				INFOPLIST_FILE = "iOS-Cart/Info.plist";
				LD_RUNPATH_SEARCH_PATHS = (
					"$(inherited)",
					"@executable_path/Frameworks",
				);
				PRODUCT_BUNDLE_IDENTIFIER = "com.baloombaz.app.iOS-Cart";
				PRODUCT_NAME = "$(TARGET_NAME)";
				SWIFT_VERSION = 5.0;
				TARGETED_DEVICE_FAMILY = "1,2";
			};
			name = Debug;
		};
		B7248A6F25476FBB00805BAA /* Release */ = {
			isa = XCBuildConfiguration;
			baseConfigurationReference = A3DE7F5EC7AE3225F5EE4844 /* Pods-iOS-Cart.release.xcconfig */;
			buildSettings = {
				ASSETCATALOG_COMPILER_APPICON_NAME = AppIcon;
				CODE_SIGN_STYLE = Automatic;
				DEVELOPMENT_TEAM = J8A3SH72B3;
				INFOPLIST_FILE = "iOS-Cart/Info.plist";
				LD_RUNPATH_SEARCH_PATHS = (
					"$(inherited)",
					"@executable_path/Frameworks",
				);
				PRODUCT_BUNDLE_IDENTIFIER = "com.baloombaz.app.iOS-Cart";
				PRODUCT_NAME = "$(TARGET_NAME)";
				SWIFT_VERSION = 5.0;
				TARGETED_DEVICE_FAMILY = "1,2";
			};
			name = Release;
		};
/* End XCBuildConfiguration section */

/* Begin XCConfigurationList section */
		B7248A5425476FB900805BAA /* Build configuration list for PBXProject "iOS-Cart" */ = {
			isa = XCConfigurationList;
			buildConfigurations = (
				B7248A6B25476FBB00805BAA /* Debug */,
				B7248A6C25476FBB00805BAA /* Release */,
			);
			defaultConfigurationIsVisible = 0;
			defaultConfigurationName = Release;
		};
		B7248A6D25476FBB00805BAA /* Build configuration list for PBXNativeTarget "iOS-Cart" */ = {
			isa = XCConfigurationList;
			buildConfigurations = (
				B7248A6E25476FBB00805BAA /* Debug */,
				B7248A6F25476FBB00805BAA /* Release */,
			);
			defaultConfigurationIsVisible = 0;
			defaultConfigurationName = Release;
		};
/* End XCConfigurationList section */
	};
	rootObject = B7248A5125476FB900805BAA /* Project object */;
}
